{
  "object": {
    "pins": [
      {
        "package": "grpc-swift",
        "repositoryURL": "https://github.com/grpc/grpc-swift.git",
        "state": {
          "branch": null,
          "revision": "b83ee1ee2caa0660eb02444977b9b6e353c2adbf",
          "version": "1.0.0-alpha.12"
        }
      },
      {
        "package": "swift-log",
        "repositoryURL": "https://github.com/apple/swift-log.git",
        "state": {
          "branch": null,
          "revision": "74d7b91ceebc85daf387ebb206003f78813f71aa",
          "version": "1.2.0"
        }
      },
      {
        "package": "swift-nio",
        "repositoryURL": "https://github.com/apple/swift-nio.git",
        "state": {
          "branch": null,
          "revision": "c5fa0b456524cd73dc3ddbb263d4f46c20b86ca3",
          "version": "2.17.0"
        }
      },
      {
        "package": "swift-nio-http2",
        "repositoryURL": "https://github.com/apple/swift-nio-http2.git",
        "state": {
          "branch": null,
          "revision": "b66a08e4bc53ab7c39fb03ab3678132e6ba5d12d",
          "version": "1.12.0"
        }
      },
      {
        "package": "swift-nio-ssl",
        "repositoryURL": "https://github.com/apple/swift-nio-ssl.git",
        "state": {
          "branch": null,
          "revision": "67303bd6d8c8b2bb69c44626156cfe802d6cff28",
          "version": "2.7.2"
        }
      },
      {
        "package": "swift-nio-transport-services",
        "repositoryURL": "https://github.com/apple/swift-nio-transport-services.git",
        "state": {
          "branch": null,
          "revision": "85a67aea7caf5396ed599543dd23cffeb6dbbf96",
          "version": "1.5.1"
        }
      },
      {
        "package": "SwiftProtobuf",
        "repositoryURL": "https://github.com/apple/swift-protobuf.git",
        "state": {
          "branch": null,
          "revision": "7790acf0a81d08429cb20375bf42a8c7d279c5fe",
          "version": "1.8.0"
        }
      }
    ]
  },
  "version": 1
}
